
Microsoft Visual Studio Solution File, Format Version 12.00
# Visual Studio Version 17
VisualStudioVersion = 17.6.33712.159
MinimumVisualStudioVersion = 10.0.40219.1
Project("{9A19103F-16F7-4668-BE54-9A1E7A4F7556}") = "UgurBuyuktekeliOdev", "Alistirma\UgurBuyuktekeliOdev.csproj", "{1225C044-9E7D-4996-9F31-82EEEA07305B}"
EndProject
Global
	GlobalSection(SolutionConfigurationPlatforms) = preSolution
		Debug|Any CPU = Debug|Any CPU
		Release|Any CPU = Release|Any CPU
	EndGlobalSection
	GlobalSection(ProjectConfigurationPlatforms) = postSolution
		{1225C044-9E7D-4996-9F31-82EEEA07305B}.Debug|Any CPU.ActiveCfg = Debug|Any CPU
		{1225C044-9E7D-4996-9F31-82EEEA07305B}.Debug|Any CPU.Build.0 = Debug|Any CPU
		{1225C044-9E7D-4996-9F31-82EEEA07305B}.Release|Any CPU.ActiveCfg = Release|Any CPU
		{1225C044-9E7D-4996-9F31-82EEEA07305B}.Release|Any CPU.Build.0 = Release|Any CPU
	EndGlobalSection
	GlobalSection(SolutionProperties) = preSolution
		HideSolutionNode = FALSE
	EndGlobalSection
	GlobalSection(ExtensibilityGlobals) = postSolution
		SolutionGuid = {6EF953C8-11BB-4BC7-BA4C-AFACFE74760A}
	EndGlobalSection
EndGlobal
